# This file is automatically @generated by Cargo.
# It is not intended for manual editing.
version = 4

[[package]]
name = "ruscadb"
version = "0.1.0"
dependencies = [
 "ruscadb-ai",
 "ruscadb-core",
 "ruscadb-ffi",
 "ruscadb-graph",
 "ruscadb-multimodal",
 "ruscadb-query",
 "ruscadb-storage",
 "ruscadb-vector",
 "ruscadb-wal",
]

[[package]]
name = "ruscadb-ai"
version = "0.1.0"
dependencies = [
 "ruscadb-core",
]

[[package]]
name = "ruscadb-core"
version = "0.1.0"

[[package]]
name = "ruscadb-ffi"
version = "0.1.0"
dependencies = [
 "ruscadb-core",
]

[[package]]
name = "ruscadb-graph"
version = "0.1.0"
dependencies = [
 "ruscadb-core",
]

[[package]]
name = "ruscadb-multimodal"
version = "0.1.0"
dependencies = [
 "ruscadb-core",
 "ruscadb-storage",
]

[[package]]
name = "ruscadb-node"
version = "0.1.0"
dependencies = [
 "ruscadb-ffi",
]

[[package]]
name = "ruscadb-py"
version = "0.1.0"
dependencies = [
 "ruscadb-ffi",
]

[[package]]
name = "ruscadb-query"
version = "0.1.0"
dependencies = [
 "ruscadb-core",
]

[[package]]
name = "ruscadb-storage"
version = "0.1.0"
dependencies = [
 "ruscadb-core",
]

[[package]]
name = "ruscadb-testkit"
version = "0.1.0"
dependencies = [
 "ruscadb-core",
]

[[package]]
name = "ruscadb-vector"
version = "0.1.0"
dependencies = [
 "ruscadb-core",
]

[[package]]
name = "ruscadb-wal"
version = "0.1.0"
dependencies = [
 "ruscadb-core",
]
